{
  "name": "@rbxts/mock-memory-store-service",
  "version": "0.1.0",
  "lockfileVersion": 2,
  "requires": true,
  "packages": {
    "": {
      "name": "@rbxts/mock-memory-store-service",
      "version": "0.1.0",
      "license": "MIT",
      "devDependencies": {
        "@rbxts/testez": "^0.3.1-ts.7",
        "@rbxts/types": "^1.0.569"
      }
    },
    "node_modules/@rbxts/testez": {
      "version": "0.3.1-ts.7",
      "resolved": "https://registry.npmjs.org/@rbxts/testez/-/testez-0.3.1-ts.7.tgz",
      "integrity": "sha512-DkIlRFdMODHjJPEYJT/cPYv2ZQzSqAufF4XAsqrx7zFg8OVAkSHY5aGChGoPNrZo0PM4zz9bw46ZIVqLfcM05Q==",
      "dev": true
    },
    "node_modules/@rbxts/types": {
      "version": "1.0.569",
      "resolved": "https://registry.npmjs.org/@rbxts/types/-/types-1.0.569.tgz",
      "integrity": "sha512-gPvf4usjp4sHDZeexfKbWa4xB/Q181lI4NsI5LaR7V5mx3ZUVKM+PSQ5TmOx+9hs25TWyCPffTOfO7a/7XPYZQ==",
      "dev": true
    }
  },
  "dependencies": {
    "@rbxts/testez": {
      "version": "0.3.1-ts.7",
      "resolved": "https://registry.npmjs.org/@rbxts/testez/-/testez-0.3.1-ts.7.tgz",
      "integrity": "sha512-DkIlRFdMODHjJPEYJT/cPYv2ZQzSqAufF4XAsqrx7zFg8OVAkSHY5aGChGoPNrZo0PM4zz9bw46ZIVqLfcM05Q==",
      "dev": true
    },
    "@rbxts/types": {
      "version": "1.0.569",
      "resolved": "https://registry.npmjs.org/@rbxts/types/-/types-1.0.569.tgz",
      "integrity": "sha512-gPvf4usjp4sHDZeexfKbWa4xB/Q181lI4NsI5LaR7V5mx3ZUVKM+PSQ5TmOx+9hs25TWyCPffTOfO7a/7XPYZQ==",
      "dev": true
    }
  }
}
